
Microsoft Visual Studio Solution File, Format Version 12.00
# Visual Studio Version 16
VisualStudioVersion = 16.0.29519.87
MinimumVisualStudioVersion = 10.0.40219.1
Project("{FAE04EC0-301F-11D3-BF4B-00C04F79EFBC}") = "WindowsFormsApp1", "WindowsFormsApp1\WindowsFormsApp1.csproj", "{6F908780-D4AE-4485-9D3F-698E1389025D}"
EndProject
Global
	GlobalSection(SolutionConfigurationPlatforms) = preSolution
		Debug|Any CPU = Debug|Any CPU
		Release|Any CPU = Release|Any CPU
	EndGlobalSection
	GlobalSection(ProjectConfigurationPlatforms) = postSolution
		{6F908780-D4AE-4485-9D3F-698E1389025D}.Debug|Any CPU.ActiveCfg = Debug|Any CPU
		{6F908780-D4AE-4485-9D3F-698E1389025D}.Debug|Any CPU.Build.0 = Debug|Any CPU
		{6F908780-D4AE-4485-9D3F-698E1389025D}.Release|Any CPU.ActiveCfg = Release|Any CPU
		{6F908780-D4AE-4485-9D3F-698E1389025D}.Release|Any CPU.Build.0 = Release|Any CPU
	EndGlobalSection
	GlobalSection(SolutionProperties) = preSolution
		HideSolutionNode = FALSE
	EndGlobalSection
	GlobalSection(ExtensibilityGlobals) = postSolution
		SolutionGuid = {808A6688-FCA2-44A8-942B-1763D54805B8}
	EndGlobalSection
EndGlobal
